
Microsoft Visual Studio Solution File, Format Version 12.00
# Visual Studio Version 16
VisualStudioVersion = 16.0.32002.261
MinimumVisualStudioVersion = 10.0.40219.1
Project("{FAE04EC0-301F-11D3-BF4B-00C04F79EFBC}") = "UpdatePackages", "UpdatePackages\UpdatePackages.csproj", "{D9AEA885-E702-4E04-87AB-C9D3BDD165CA}"
EndProject
Global
	GlobalSection(SolutionConfigurationPlatforms) = preSolution
		Debug|Any CPU = Debug|Any CPU
		Release|Any CPU = Release|Any CPU
	EndGlobalSection
	GlobalSection(ProjectConfigurationPlatforms) = postSolution
		{D9AEA885-E702-4E04-87AB-C9D3BDD165CA}.Debug|Any CPU.ActiveCfg = Debug|Any CPU
		{D9AEA885-E702-4E04-87AB-C9D3BDD165CA}.Debug|Any CPU.Build.0 = Debug|Any CPU
		{D9AEA885-E702-4E04-87AB-C9D3BDD165CA}.Release|Any CPU.ActiveCfg = Release|Any CPU
		{D9AEA885-E702-4E04-87AB-C9D3BDD165CA}.Release|Any CPU.Build.0 = Release|Any CPU
	EndGlobalSection
	GlobalSection(SolutionProperties) = preSolution
		HideSolutionNode = FALSE
	EndGlobalSection
	GlobalSection(ExtensibilityGlobals) = postSolution
		SolutionGuid = {E639A9D9-382B-40EE-BEFE-CB8455C890CA}
	EndGlobalSection
EndGlobal
